
Microsoft Visual Studio Solution File, Format Version 12.00
# Visual Studio Version 16
VisualStudioVersion = 16.0.30204.135
MinimumVisualStudioVersion = 10.0.40219.1
Project("{FAE04EC0-301F-11D3-BF4B-00C04F79EFBC}") = "SubuTetra2020", "SubuTetra2020\SubuTetra2020.csproj", "{7BA7CD30-96F4-4A03-A0C2-05313E719016}"
EndProject
Global
	GlobalSection(SolutionConfigurationPlatforms) = preSolution
		Debug|Any CPU = Debug|Any CPU
		Release|Any CPU = Release|Any CPU
	EndGlobalSection
	GlobalSection(ProjectConfigurationPlatforms) = postSolution
		{7BA7CD30-96F4-4A03-A0C2-05313E719016}.Debug|Any CPU.ActiveCfg = Debug|Any CPU
		{7BA7CD30-96F4-4A03-A0C2-05313E719016}.Debug|Any CPU.Build.0 = Debug|Any CPU
		{7BA7CD30-96F4-4A03-A0C2-05313E719016}.Release|Any CPU.ActiveCfg = Release|Any CPU
		{7BA7CD30-96F4-4A03-A0C2-05313E719016}.Release|Any CPU.Build.0 = Release|Any CPU
	EndGlobalSection
	GlobalSection(SolutionProperties) = preSolution
		HideSolutionNode = FALSE
	EndGlobalSection
	GlobalSection(ExtensibilityGlobals) = postSolution
		SolutionGuid = {DC2DE164-5F61-4D80-A35A-47C01776F7E2}
	EndGlobalSection
EndGlobal
